
Microsoft Visual Studio Solution File, Format Version 12.00
# Visual Studio Version 17
VisualStudioVersion = 17.0.31903.59
MinimumVisualStudioVersion = 10.0.40219.1
Project("{2150E333-8FDC-42A3-9474-1A3956D46DE8}") = "host", "host", "{BC04B74F-7CAC-4ACC-BFD9-6DED68564777}"
EndProject
Project("{2150E333-8FDC-42A3-9474-1A3956D46DE8}") = "src", "src", "{AF96C03E-E3CE-4E4B-8A3F-7C117BA602AA}"
EndProject
Project("{9A19103F-16F7-4668-BE54-9A1E7A4F7556}") = "DedsiStack.Domain", "src\DedsiStack.Domain\DedsiStack.Domain.csproj", "{1344AE09-FD68-40B3-826C-B97BC0A18C3D}"
EndProject
Project("{9A19103F-16F7-4668-BE54-9A1E7A4F7556}") = "DedsiStack.Infrastructure", "src\DedsiStack.Infrastructure\DedsiStack.Infrastructure.csproj", "{0133C343-273C-4073-8140-47F8B6FBC990}"
EndProject
Project("{9A19103F-16F7-4668-BE54-9A1E7A4F7556}") = "DedsiStack.Host", "host\DedsiStack.Host\DedsiStack.Host.csproj", "{69FBA34B-8170-4669-B52B-7E23008FCBE5}"
EndProject
Project("{FAE04EC0-301F-11D3-BF4B-00C04F79EFBC}") = "DedsiStack.UseCase", "src\DedsiStack.UseCase\DedsiStack.UseCase.csproj", "{26C9A27E-8C32-4403-9E72-F3F336CA68E5}"
EndProject
Project("{FAE04EC0-301F-11D3-BF4B-00C04F79EFBC}") = "DedsiStack.HttpApi", "src\DedsiStack.HttpApi\DedsiStack.HttpApi.csproj", "{A549BEB2-CD58-43BF-8C3D-014FEACE8FA5}"
EndProject
Project("{2150E333-8FDC-42A3-9474-1A3956D46DE8}") = "modules", "modules", "{ABFEDB23-6DD0-4A87-ABE1-936A9A04DF0F}"
EndProject
Project("{2150E333-8FDC-42A3-9474-1A3956D46DE8}") = "dedsiAuthorization", "dedsiAuthorization", "{98E825A9-D80D-491D-B481-E710926DFDB8}"
EndProject
Project("{FAE04EC0-301F-11D3-BF4B-00C04F79EFBC}") = "DedsiAuthorization.Domain", "modules\dedsiAuthorization\DedsiAuthorization.Domain\DedsiAuthorization.Domain.csproj", "{4E32304B-15B7-4EE5-8A11-F2CD77B5ECEF}"
EndProject
Project("{FAE04EC0-301F-11D3-BF4B-00C04F79EFBC}") = "DedsiAuthorization.HttpApi", "modules\dedsiAuthorization\DedsiAuthorization.HttpApi\DedsiAuthorization.HttpApi.csproj", "{71F49B06-D2AA-441D-A789-D426B011368A}"
EndProject
Project("{FAE04EC0-301F-11D3-BF4B-00C04F79EFBC}") = "DedsiAuthorization.Infrastructure", "modules\dedsiAuthorization\DedsiAuthorization.Infrastructure\DedsiAuthorization.Infrastructure.csproj", "{7F6EB256-56FC-4AE7-A368-5B6C232655A8}"
EndProject
Project("{FAE04EC0-301F-11D3-BF4B-00C04F79EFBC}") = "DedsiAuthorization.UseCase", "modules\dedsiAuthorization\DedsiAuthorization.UseCase\DedsiAuthorization.UseCase.csproj", "{90583387-9CD0-457A-98FE-8A67B3F46419}"
EndProject
Project("{FAE04EC0-301F-11D3-BF4B-00C04F79EFBC}") = "DedsiAuthorization.Contracts", "modules\dedsiAuthorization\DedsiAuthorization.Contracts\DedsiAuthorization.Contracts.csproj", "{E07CAC04-D30D-48D6-9C8A-6576671F3CCC}"
EndProject
Project("{2150E333-8FDC-42A3-9474-1A3956D46DE8}") = "dedsiOpeniddict", "dedsiOpeniddict", "{DE9017C4-DFD5-43CA-90AB-094038FE6266}"
EndProject
Project("{FAE04EC0-301F-11D3-BF4B-00C04F79EFBC}") = "DedsiAuthorization.Openiddict", "modules\dedsiOpeniddict\DedsiAuthorization.Openiddict\DedsiAuthorization.Openiddict.csproj", "{2D7739D4-3085-4FEB-BDF2-EED3061B430F}"
EndProject
Project("{FAE04EC0-301F-11D3-BF4B-00C04F79EFBC}") = "DedsiStack.AuthorizationCenter", "host\DedsiStack.AuthorizationCenter\DedsiStack.AuthorizationCenter.csproj", "{D0C2EF32-D62B-4B11-9F73-BC4932BECA57}"
EndProject
Project("{2150E333-8FDC-42A3-9474-1A3956D46DE8}") = "gateways", "gateways", "{C811E4E1-D64D-4CBC-A849-BC48CC47B37A}"
EndProject
Project("{FAE04EC0-301F-11D3-BF4B-00C04F79EFBC}") = "DedsiStack.Public.Gateway", "gateways\DedsiStack.Public.Gateway\DedsiStack.Public.Gateway.csproj", "{85253247-479B-4EF0-A045-C802F63A11F1}"
EndProject
Project("{FAE04EC0-301F-11D3-BF4B-00C04F79EFBC}") = "DedsiStack.Interior.Gateway", "gateways\DedsiStack.Interior.Gateway\DedsiStack.Interior.Gateway.csproj", "{20AEFE2C-F98C-4124-9989-2AD8BA2942C9}"
EndProject
Global
	GlobalSection(SolutionConfigurationPlatforms) = preSolution
		Debug|Any CPU = Debug|Any CPU
		Release|Any CPU = Release|Any CPU
	EndGlobalSection
	GlobalSection(ProjectConfigurationPlatforms) = postSolution
		{1344AE09-FD68-40B3-826C-B97BC0A18C3D}.Debug|Any CPU.ActiveCfg = Debug|Any CPU
		{1344AE09-FD68-40B3-826C-B97BC0A18C3D}.Debug|Any CPU.Build.0 = Debug|Any CPU
		{1344AE09-FD68-40B3-826C-B97BC0A18C3D}.Release|Any CPU.ActiveCfg = Release|Any CPU
		{1344AE09-FD68-40B3-826C-B97BC0A18C3D}.Release|Any CPU.Build.0 = Release|Any CPU
		{0133C343-273C-4073-8140-47F8B6FBC990}.Debug|Any CPU.ActiveCfg = Debug|Any CPU
		{0133C343-273C-4073-8140-47F8B6FBC990}.Debug|Any CPU.Build.0 = Debug|Any CPU
		{0133C343-273C-4073-8140-47F8B6FBC990}.Release|Any CPU.ActiveCfg = Release|Any CPU
		{0133C343-273C-4073-8140-47F8B6FBC990}.Release|Any CPU.Build.0 = Release|Any CPU
		{69FBA34B-8170-4669-B52B-7E23008FCBE5}.Debug|Any CPU.ActiveCfg = Debug|Any CPU
		{69FBA34B-8170-4669-B52B-7E23008FCBE5}.Debug|Any CPU.Build.0 = Debug|Any CPU
		{69FBA34B-8170-4669-B52B-7E23008FCBE5}.Release|Any CPU.ActiveCfg = Release|Any CPU
		{69FBA34B-8170-4669-B52B-7E23008FCBE5}.Release|Any CPU.Build.0 = Release|Any CPU
		{26C9A27E-8C32-4403-9E72-F3F336CA68E5}.Debug|Any CPU.ActiveCfg = Debug|Any CPU
		{26C9A27E-8C32-4403-9E72-F3F336CA68E5}.Debug|Any CPU.Build.0 = Debug|Any CPU
		{26C9A27E-8C32-4403-9E72-F3F336CA68E5}.Release|Any CPU.ActiveCfg = Release|Any CPU
		{26C9A27E-8C32-4403-9E72-F3F336CA68E5}.Release|Any CPU.Build.0 = Release|Any CPU
		{A549BEB2-CD58-43BF-8C3D-014FEACE8FA5}.Debug|Any CPU.ActiveCfg = Debug|Any CPU
		{A549BEB2-CD58-43BF-8C3D-014FEACE8FA5}.Debug|Any CPU.Build.0 = Debug|Any CPU
		{A549BEB2-CD58-43BF-8C3D-014FEACE8FA5}.Release|Any CPU.ActiveCfg = Release|Any CPU
		{A549BEB2-CD58-43BF-8C3D-014FEACE8FA5}.Release|Any CPU.Build.0 = Release|Any CPU
		{4E32304B-15B7-4EE5-8A11-F2CD77B5ECEF}.Debug|Any CPU.ActiveCfg = Debug|Any CPU
		{4E32304B-15B7-4EE5-8A11-F2CD77B5ECEF}.Debug|Any CPU.Build.0 = Debug|Any CPU
		{4E32304B-15B7-4EE5-8A11-F2CD77B5ECEF}.Release|Any CPU.ActiveCfg = Release|Any CPU
		{4E32304B-15B7-4EE5-8A11-F2CD77B5ECEF}.Release|Any CPU.Build.0 = Release|Any CPU
		{71F49B06-D2AA-441D-A789-D426B011368A}.Debug|Any CPU.ActiveCfg = Debug|Any CPU
		{71F49B06-D2AA-441D-A789-D426B011368A}.Debug|Any CPU.Build.0 = Debug|Any CPU
		{71F49B06-D2AA-441D-A789-D426B011368A}.Release|Any CPU.ActiveCfg = Release|Any CPU
		{71F49B06-D2AA-441D-A789-D426B011368A}.Release|Any CPU.Build.0 = Release|Any CPU
		{7F6EB256-56FC-4AE7-A368-5B6C232655A8}.Debug|Any CPU.ActiveCfg = Debug|Any CPU
		{7F6EB256-56FC-4AE7-A368-5B6C232655A8}.Debug|Any CPU.Build.0 = Debug|Any CPU
		{7F6EB256-56FC-4AE7-A368-5B6C232655A8}.Release|Any CPU.ActiveCfg = Release|Any CPU
		{7F6EB256-56FC-4AE7-A368-5B6C232655A8}.Release|Any CPU.Build.0 = Release|Any CPU
		{90583387-9CD0-457A-98FE-8A67B3F46419}.Debug|Any CPU.ActiveCfg = Debug|Any CPU
		{90583387-9CD0-457A-98FE-8A67B3F46419}.Debug|Any CPU.Build.0 = Debug|Any CPU
		{90583387-9CD0-457A-98FE-8A67B3F46419}.Release|Any CPU.ActiveCfg = Release|Any CPU
		{90583387-9CD0-457A-98FE-8A67B3F46419}.Release|Any CPU.Build.0 = Release|Any CPU
		{E07CAC04-D30D-48D6-9C8A-6576671F3CCC}.Debug|Any CPU.ActiveCfg = Debug|Any CPU
		{E07CAC04-D30D-48D6-9C8A-6576671F3CCC}.Debug|Any CPU.Build.0 = Debug|Any CPU
		{E07CAC04-D30D-48D6-9C8A-6576671F3CCC}.Release|Any CPU.ActiveCfg = Release|Any CPU
		{E07CAC04-D30D-48D6-9C8A-6576671F3CCC}.Release|Any CPU.Build.0 = Release|Any CPU
		{2D7739D4-3085-4FEB-BDF2-EED3061B430F}.Debug|Any CPU.ActiveCfg = Debug|Any CPU
		{2D7739D4-3085-4FEB-BDF2-EED3061B430F}.Debug|Any CPU.Build.0 = Debug|Any CPU
		{2D7739D4-3085-4FEB-BDF2-EED3061B430F}.Release|Any CPU.ActiveCfg = Release|Any CPU
		{2D7739D4-3085-4FEB-BDF2-EED3061B430F}.Release|Any CPU.Build.0 = Release|Any CPU
		{D0C2EF32-D62B-4B11-9F73-BC4932BECA57}.Debug|Any CPU.ActiveCfg = Debug|Any CPU
		{D0C2EF32-D62B-4B11-9F73-BC4932BECA57}.Debug|Any CPU.Build.0 = Debug|Any CPU
		{D0C2EF32-D62B-4B11-9F73-BC4932BECA57}.Release|Any CPU.ActiveCfg = Release|Any CPU
		{D0C2EF32-D62B-4B11-9F73-BC4932BECA57}.Release|Any CPU.Build.0 = Release|Any CPU
		{85253247-479B-4EF0-A045-C802F63A11F1}.Debug|Any CPU.ActiveCfg = Debug|Any CPU
		{85253247-479B-4EF0-A045-C802F63A11F1}.Debug|Any CPU.Build.0 = Debug|Any CPU
		{85253247-479B-4EF0-A045-C802F63A11F1}.Release|Any CPU.ActiveCfg = Release|Any CPU
		{85253247-479B-4EF0-A045-C802F63A11F1}.Release|Any CPU.Build.0 = Release|Any CPU
		{20AEFE2C-F98C-4124-9989-2AD8BA2942C9}.Debug|Any CPU.ActiveCfg = Debug|Any CPU
		{20AEFE2C-F98C-4124-9989-2AD8BA2942C9}.Debug|Any CPU.Build.0 = Debug|Any CPU
		{20AEFE2C-F98C-4124-9989-2AD8BA2942C9}.Release|Any CPU.ActiveCfg = Release|Any CPU
		{20AEFE2C-F98C-4124-9989-2AD8BA2942C9}.Release|Any CPU.Build.0 = Release|Any CPU
	EndGlobalSection
	GlobalSection(SolutionProperties) = preSolution
		HideSolutionNode = FALSE
	EndGlobalSection
	GlobalSection(NestedProjects) = preSolution
		{1344AE09-FD68-40B3-826C-B97BC0A18C3D} = {AF96C03E-E3CE-4E4B-8A3F-7C117BA602AA}
		{0133C343-273C-4073-8140-47F8B6FBC990} = {AF96C03E-E3CE-4E4B-8A3F-7C117BA602AA}
		{69FBA34B-8170-4669-B52B-7E23008FCBE5} = {BC04B74F-7CAC-4ACC-BFD9-6DED68564777}
		{26C9A27E-8C32-4403-9E72-F3F336CA68E5} = {AF96C03E-E3CE-4E4B-8A3F-7C117BA602AA}
		{A549BEB2-CD58-43BF-8C3D-014FEACE8FA5} = {AF96C03E-E3CE-4E4B-8A3F-7C117BA602AA}
		{98E825A9-D80D-491D-B481-E710926DFDB8} = {ABFEDB23-6DD0-4A87-ABE1-936A9A04DF0F}
		{4E32304B-15B7-4EE5-8A11-F2CD77B5ECEF} = {98E825A9-D80D-491D-B481-E710926DFDB8}
		{71F49B06-D2AA-441D-A789-D426B011368A} = {98E825A9-D80D-491D-B481-E710926DFDB8}
		{7F6EB256-56FC-4AE7-A368-5B6C232655A8} = {98E825A9-D80D-491D-B481-E710926DFDB8}
		{90583387-9CD0-457A-98FE-8A67B3F46419} = {98E825A9-D80D-491D-B481-E710926DFDB8}
		{E07CAC04-D30D-48D6-9C8A-6576671F3CCC} = {98E825A9-D80D-491D-B481-E710926DFDB8}
		{DE9017C4-DFD5-43CA-90AB-094038FE6266} = {ABFEDB23-6DD0-4A87-ABE1-936A9A04DF0F}
		{2D7739D4-3085-4FEB-BDF2-EED3061B430F} = {DE9017C4-DFD5-43CA-90AB-094038FE6266}
		{D0C2EF32-D62B-4B11-9F73-BC4932BECA57} = {BC04B74F-7CAC-4ACC-BFD9-6DED68564777}
		{85253247-479B-4EF0-A045-C802F63A11F1} = {C811E4E1-D64D-4CBC-A849-BC48CC47B37A}
		{20AEFE2C-F98C-4124-9989-2AD8BA2942C9} = {C811E4E1-D64D-4CBC-A849-BC48CC47B37A}
	EndGlobalSection
EndGlobal
